
Microsoft Visual Studio Solution File, Format Version 12.00
# Visual Studio Version 17
VisualStudioVersion = 17.0.32014.148
MinimumVisualStudioVersion = 10.0.40219.1
Project("{FAE04EC0-301F-11D3-BF4B-00C04F79EFBC}") = "TODOCSHARP", "TODOCSHARP\TODOCSHARP.csproj", "{BCDBEF95-CECE-4C74-80F6-97582E106CDC}"
EndProject
Global
	GlobalSection(SolutionConfigurationPlatforms) = preSolution
		Debug|Any CPU = Debug|Any CPU
		Release|Any CPU = Release|Any CPU
	EndGlobalSection
	GlobalSection(ProjectConfigurationPlatforms) = postSolution
		{BCDBEF95-CECE-4C74-80F6-97582E106CDC}.Debug|Any CPU.ActiveCfg = Debug|Any CPU
		{BCDBEF95-CECE-4C74-80F6-97582E106CDC}.Debug|Any CPU.Build.0 = Debug|Any CPU
		{BCDBEF95-CECE-4C74-80F6-97582E106CDC}.Release|Any CPU.ActiveCfg = Release|Any CPU
		{BCDBEF95-CECE-4C74-80F6-97582E106CDC}.Release|Any CPU.Build.0 = Release|Any CPU
	EndGlobalSection
	GlobalSection(SolutionProperties) = preSolution
		HideSolutionNode = FALSE
	EndGlobalSection
	GlobalSection(ExtensibilityGlobals) = postSolution
		SolutionGuid = {B4CA0A77-435A-4CB9-B523-07E231C12B14}
	EndGlobalSection
EndGlobal
